
Microsoft Visual Studio Solution File, Format Version 12.00
# Visual Studio Version 16
VisualStudioVersion = 16.0.30002.166
MinimumVisualStudioVersion = 10.0.40219.1
Project("{FAE04EC0-301F-11D3-BF4B-00C04F79EFBC}") = "DataAdapter", "DataAdapter\DataAdapter.csproj", "{8550D0B7-A664-4319-A37E-6ECAB758A793}"
EndProject
Global
	GlobalSection(SolutionConfigurationPlatforms) = preSolution
		Debug|Any CPU = Debug|Any CPU
		Release|Any CPU = Release|Any CPU
	EndGlobalSection
	GlobalSection(ProjectConfigurationPlatforms) = postSolution
		{8550D0B7-A664-4319-A37E-6ECAB758A793}.Debug|Any CPU.ActiveCfg = Debug|Any CPU
		{8550D0B7-A664-4319-A37E-6ECAB758A793}.Debug|Any CPU.Build.0 = Debug|Any CPU
		{8550D0B7-A664-4319-A37E-6ECAB758A793}.Release|Any CPU.ActiveCfg = Release|Any CPU
		{8550D0B7-A664-4319-A37E-6ECAB758A793}.Release|Any CPU.Build.0 = Release|Any CPU
	EndGlobalSection
	GlobalSection(SolutionProperties) = preSolution
		HideSolutionNode = FALSE
	EndGlobalSection
	GlobalSection(ExtensibilityGlobals) = postSolution
		SolutionGuid = {B3FE2083-2832-44A3-BE73-440799D50837}
	EndGlobalSection
EndGlobal
